
Microsoft Visual Studio Solution File, Format Version 12.00
# Visual Studio Version 17
VisualStudioVersion = 17.3.32804.467
MinimumVisualStudioVersion = 10.0.40219.1
Project("{FAE04EC0-301F-11D3-BF4B-00C04F79EFBC}") = "SignalRMiniChatApp", "SignalRMiniChatApp\SignalRMiniChatApp.csproj", "{ABD69984-BD53-4371-8DCD-A0AD01FCD90B}"
EndProject
Global
	GlobalSection(SolutionConfigurationPlatforms) = preSolution
		Debug|Any CPU = Debug|Any CPU
		Release|Any CPU = Release|Any CPU
	EndGlobalSection
	GlobalSection(ProjectConfigurationPlatforms) = postSolution
		{ABD69984-BD53-4371-8DCD-A0AD01FCD90B}.Debug|Any CPU.ActiveCfg = Debug|Any CPU
		{ABD69984-BD53-4371-8DCD-A0AD01FCD90B}.Debug|Any CPU.Build.0 = Debug|Any CPU
		{ABD69984-BD53-4371-8DCD-A0AD01FCD90B}.Release|Any CPU.ActiveCfg = Release|Any CPU
		{ABD69984-BD53-4371-8DCD-A0AD01FCD90B}.Release|Any CPU.Build.0 = Release|Any CPU
	EndGlobalSection
	GlobalSection(SolutionProperties) = preSolution
		HideSolutionNode = FALSE
	EndGlobalSection
	GlobalSection(ExtensibilityGlobals) = postSolution
		SolutionGuid = {8BCE6CE6-FC9B-470B-8D81-CB8E70286AB4}
	EndGlobalSection
EndGlobal
